# This file is autogenerated, do not edit; changes may be undone by the next 'dep ensure'.


[[projects]]
  branch = "master"
  name = "github.com/bitrise-io/go-utils"
  packages = [
    "colorstring",
    "command",
    "errorutil",
    "fileutil",
    "log",
    "parseutil",
    "pathutil",
    "pointers",
    "sliceutil",
    "ziputil"
  ]
  revision = "d1de0dbcb811588e61362aff67bb700b93c13c17"

[[projects]]
  name = "github.com/bitrise-steplib/bitrise-step-android-unit-test"
  packages = ["cache"]
  revision = "f8d54c03abe3e2b09c3ec11d71c8dfa45b6e181c"
  version = "0.9.3"

[[projects]]
  branch = "master"
  name = "github.com/bitrise-tools/go-android"
  packages = ["gradle"]
  revision = "cad5a20e271b6a9667ca2063ec6286f51387b9e4"

[[projects]]
  branch = "master"
  name = "github.com/bitrise-tools/go-steputils"
  packages = [
    "cache",
    "stepconf",
    "tools"
  ]
  revision = "d4d9e08cc4347e8784bb18419fcdceb932e17019"

[[projects]]
  branch = "master"
  name = "github.com/kballard/go-shellquote"
  packages = ["."]
  revision = "95032a82bc518f77982ea72343cc1ade730072f0"

[[projects]]
  name = "github.com/ryanuber/go-glob"
  packages = ["."]
  revision = "572520ed46dbddaed19ea3d9541bdd0494163693"
  version = "v0.1"

[solve-meta]
  analyzer-name = "dep"
  analyzer-version = 1
  inputs-digest = "5ca1df28682c1818f622c0f8b93369043b3ff58c1c33c5faf8c894e371814a42"
  solver-name = "gps-cdcl"
  solver-version = 1
